// !$*UTF8*$!
{
	archiveVersion = 1;
	classes = {
	};
	objectVersion = 46;
	objects = {

/* Begin PBXBuildFile section */
		4C280B251836FEEF002361BF /* Foundation.framework in Frameworks */ = {isa = PBXBuildFile; fileRef = 4C280B241836FEEF002361BF /* Foundation.framework */; };
		4C280B271836FEEF002361BF /* CoreGraphics.framework in Frameworks */ = {isa = PBXBuildFile; fileRef = 4C280B261836FEEF002361BF /* CoreGraphics.framework */; };
		4C280B291836FEEF002361BF /* UIKit.framework in Frameworks */ = {isa = PBXBuildFile; fileRef = 4C280B281836FEEF002361BF /* UIKit.framework */; };
		4C280B2F1836FEEF002361BF /* InfoPlist.strings in Resources */ = {isa = PBXBuildFile; fileRef = 4C280B2D1836FEEF002361BF /* InfoPlist.strings */; };
		4C280B311836FEEF002361BF /* main.m in Sources */ = {isa = PBXBuildFile; fileRef = 4C280B301836FEEF002361BF /* main.m */; };
		4C280B351836FEEF002361BF /* AppDelegate.m in Sources */ = {isa = PBXBuildFile; fileRef = 4C280B341836FEEF002361BF /* AppDelegate.m */; };
		4C280B381836FEEF002361BF /* Main.storyboard in Resources */ = {isa = PBXBuildFile; fileRef = 4C280B361836FEEF002361BF /* Main.storyboard */; };
		4C280B3B1836FEEF002361BF /* MasterViewController.m in Sources */ = {isa = PBXBuildFile; fileRef = 4C280B3A1836FEEF002361BF /* MasterViewController.m */; };
		4C280B3E1836FEEF002361BF /* DetailViewController.m in Sources */ = {isa = PBXBuildFile; fileRef = 4C280B3D1836FEEF002361BF /* DetailViewController.m */; };
		4C280B401836FEEF002361BF /* Images.xcassets in Resources */ = {isa = PBXBuildFile; fileRef = 4C280B3F1836FEEF002361BF /* Images.xcassets */; };
		4C280B471836FEEF002361BF /* XCTest.framework in Frameworks */ = {isa = PBXBuildFile; fileRef = 4C280B461836FEEF002361BF /* XCTest.framework */; };
		4C280B481836FEEF002361BF /* Foundation.framework in Frameworks */ = {isa = PBXBuildFile; fileRef = 4C280B241836FEEF002361BF /* Foundation.framework */; };
		4C280B491836FEEF002361BF /* UIKit.framework in Frameworks */ = {isa = PBXBuildFile; fileRef = 4C280B281836FEEF002361BF /* UIKit.framework */; };
		4C280B511836FEEF002361BF /* InfoPlist.strings in Resources */ = {isa = PBXBuildFile; fileRef = 4C280B4F1836FEEF002361BF /* InfoPlist.strings */; };
		4C280B531836FEEF002361BF /* YefchatTests.m in Sources */ = {isa = PBXBuildFile; fileRef = 4C280B521836FEEF002361BF /* YefchatTests.m */; };
		4C280B5E1836FF3F002361BF /* SnapchatClient.m in Sources */ = {isa = PBXBuildFile; fileRef = 4C280B5D1836FF3F002361BF /* SnapchatClient.m */; };
		4C280B6118370611002361BF /* Snap.m in Sources */ = {isa = PBXBuildFile; fileRef = 4C280B6018370611002361BF /* Snap.m */; };
		4C280B6418372A34002361BF /* FriendsPickerViewController.m in Sources */ = {isa = PBXBuildFile; fileRef = 4C280B6318372A34002361BF /* FriendsPickerViewController.m */; };
		6F9A495518376C8B00A7B08A /* AFHTTPRequestOperation.m in Sources */ = {isa = PBXBuildFile; fileRef = 6F9A494318376C8B00A7B08A /* AFHTTPRequestOperation.m */; };
		6F9A495618376C8B00A7B08A /* AFHTTPRequestOperationManager.m in Sources */ = {isa = PBXBuildFile; fileRef = 6F9A494518376C8B00A7B08A /* AFHTTPRequestOperationManager.m */; };
		6F9A495718376C8B00A7B08A /* AFHTTPSessionManager.m in Sources */ = {isa = PBXBuildFile; fileRef = 6F9A494718376C8B00A7B08A /* AFHTTPSessionManager.m */; };
		6F9A495818376C8B00A7B08A /* AFNetworkReachabilityManager.m in Sources */ = {isa = PBXBuildFile; fileRef = 6F9A494A18376C8B00A7B08A /* AFNetworkReachabilityManager.m */; };
		6F9A495918376C8B00A7B08A /* AFSecurityPolicy.m in Sources */ = {isa = PBXBuildFile; fileRef = 6F9A494C18376C8B00A7B08A /* AFSecurityPolicy.m */; };
		6F9A495A18376C8B00A7B08A /* AFURLConnectionOperation.m in Sources */ = {isa = PBXBuildFile; fileRef = 6F9A494E18376C8B00A7B08A /* AFURLConnectionOperation.m */; };
		6F9A495B18376C8B00A7B08A /* AFURLRequestSerialization.m in Sources */ = {isa = PBXBuildFile; fileRef = 6F9A495018376C8B00A7B08A /* AFURLRequestSerialization.m */; };
		6F9A495C18376C8B00A7B08A /* AFURLResponseSerialization.m in Sources */ = {isa = PBXBuildFile; fileRef = 6F9A495218376C8B00A7B08A /* AFURLResponseSerialization.m */; };
		6F9A495D18376C8B00A7B08A /* AFURLSessionManager.m in Sources */ = {isa = PBXBuildFile; fileRef = 6F9A495418376C8B00A7B08A /* AFURLSessionManager.m */; };
		6F9A495F18376C9800A7B08A /* CFNetwork.framework in Frameworks */ = {isa = PBXBuildFile; fileRef = 6F9A495E18376C9800A7B08A /* CFNetwork.framework */; };
		6F9A496118376CBB00A7B08A /* CoreFoundation.framework in Frameworks */ = {isa = PBXBuildFile; fileRef = 6F9A496018376CBB00A7B08A /* CoreFoundation.framework */; };
		6F9A496318376CC100A7B08A /* Security.framework in Frameworks */ = {isa = PBXBuildFile; fileRef = 6F9A496218376CC100A7B08A /* Security.framework */; };
		6F9A496518376CC900A7B08A /* MobileCoreServices.framework in Frameworks */ = {isa = PBXBuildFile; fileRef = 6F9A496418376CC900A7B08A /* MobileCoreServices.framework */; };
		6F9A496718376CD400A7B08A /* libicucore.dylib in Frameworks */ = {isa = PBXBuildFile; fileRef = 6F9A496618376CD400A7B08A /* libicucore.dylib */; };
		4C280B66183771F8002361BF /* QuartzCore.framework in Frameworks */ = {isa = PBXBuildFile; fileRef = 4C280B65183771F8002361BF /* QuartzCore.framework */; };
		4C280B6A1837720F002361BF /* SVProgressHUD.bundle in Resources */ = {isa = PBXBuildFile; fileRef = 4C280B671837720F002361BF /* SVProgressHUD.bundle */; };
		4C280B6B1837720F002361BF /* SVProgressHUD.m in Sources */ = {isa = PBXBuildFile; fileRef = 4C280B691837720F002361BF /* SVProgressHUD.m */; };
/* End PBXBuildFile section */

/* Begin PBXContainerItemProxy section */
		4C280B4A1836FEEF002361BF /* PBXContainerItemProxy */ = {
			isa = PBXContainerItemProxy;
			containerPortal = 4C280B191836FEEF002361BF /* Project object */;
			proxyType = 1;
			remoteGlobalIDString = 4C280B201836FEEF002361BF;
			remoteInfo = Yefchat;
		};
/* End PBXContainerItemProxy section */

/* Begin PBXFileReference section */
		4C280B211836FEEF002361BF /* Yefchat.app */ = {isa = PBXFileReference; explicitFileType = wrapper.application; includeInIndex = 0; path = Yefchat.app; sourceTree = BUILT_PRODUCTS_DIR; };
		4C280B241836FEEF002361BF /* Foundation.framework */ = {isa = PBXFileReference; lastKnownFileType = wrapper.framework; name = Foundation.framework; path = System/Library/Frameworks/Foundation.framework; sourceTree = SDKROOT; };
		4C280B261836FEEF002361BF /* CoreGraphics.framework */ = {isa = PBXFileReference; lastKnownFileType = wrapper.framework; name = CoreGraphics.framework; path = System/Library/Frameworks/CoreGraphics.framework; sourceTree = SDKROOT; };
		4C280B281836FEEF002361BF /* UIKit.framework */ = {isa = PBXFileReference; lastKnownFileType = wrapper.framework; name = UIKit.framework; path = System/Library/Frameworks/UIKit.framework; sourceTree = SDKROOT; };
		4C280B2C1836FEEF002361BF /* Yefchat-Info.plist */ = {isa = PBXFileReference; lastKnownFileType = text.plist.xml; path = "Yefchat-Info.plist"; sourceTree = "<group>"; };
		4C280B2E1836FEEF002361BF /* en */ = {isa = PBXFileReference; lastKnownFileType = text.plist.strings; name = en; path = en.lproj/InfoPlist.strings; sourceTree = "<group>"; };
		4C280B301836FEEF002361BF /* main.m */ = {isa = PBXFileReference; lastKnownFileType = sourcecode.c.objc; path = main.m; sourceTree = "<group>"; };
		4C280B321836FEEF002361BF /* Yefchat-Prefix.pch */ = {isa = PBXFileReference; lastKnownFileType = sourcecode.c.h; path = "Yefchat-Prefix.pch"; sourceTree = "<group>"; };
		4C280B331836FEEF002361BF /* AppDelegate.h */ = {isa = PBXFileReference; lastKnownFileType = sourcecode.c.h; path = AppDelegate.h; sourceTree = "<group>"; };
		4C280B341836FEEF002361BF /* AppDelegate.m */ = {isa = PBXFileReference; lastKnownFileType = sourcecode.c.objc; path = AppDelegate.m; sourceTree = "<group>"; };
		4C280B371836FEEF002361BF /* Base */ = {isa = PBXFileReference; lastKnownFileType = file.storyboard; name = Base; path = Base.lproj/Main.storyboard; sourceTree = "<group>"; };
		4C280B391836FEEF002361BF /* MasterViewController.h */ = {isa = PBXFileReference; lastKnownFileType = sourcecode.c.h; path = MasterViewController.h; sourceTree = "<group>"; };
		4C280B3A1836FEEF002361BF /* MasterViewController.m */ = {isa = PBXFileReference; lastKnownFileType = sourcecode.c.objc; path = MasterViewController.m; sourceTree = "<group>"; };
		4C280B3C1836FEEF002361BF /* DetailViewController.h */ = {isa = PBXFileReference; lastKnownFileType = sourcecode.c.h; path = DetailViewController.h; sourceTree = "<group>"; };
		4C280B3D1836FEEF002361BF /* DetailViewController.m */ = {isa = PBXFileReference; lastKnownFileType = sourcecode.c.objc; path = DetailViewController.m; sourceTree = "<group>"; };
		4C280B3F1836FEEF002361BF /* Images.xcassets */ = {isa = PBXFileReference; lastKnownFileType = folder.assetcatalog; path = Images.xcassets; sourceTree = "<group>"; };
		4C280B451836FEEF002361BF /* YefchatTests.xctest */ = {isa = PBXFileReference; explicitFileType = wrapper.cfbundle; includeInIndex = 0; path = YefchatTests.xctest; sourceTree = BUILT_PRODUCTS_DIR; };
		4C280B461836FEEF002361BF /* XCTest.framework */ = {isa = PBXFileReference; lastKnownFileType = wrapper.framework; name = XCTest.framework; path = Library/Frameworks/XCTest.framework; sourceTree = DEVELOPER_DIR; };
		4C280B4E1836FEEF002361BF /* YefchatTests-Info.plist */ = {isa = PBXFileReference; lastKnownFileType = text.plist.xml; path = "YefchatTests-Info.plist"; sourceTree = "<group>"; };
		4C280B501836FEEF002361BF /* en */ = {isa = PBXFileReference; lastKnownFileType = text.plist.strings; name = en; path = en.lproj/InfoPlist.strings; sourceTree = "<group>"; };
		4C280B521836FEEF002361BF /* YefchatTests.m */ = {isa = PBXFileReference; lastKnownFileType = sourcecode.c.objc; path = YefchatTests.m; sourceTree = "<group>"; };
		4C280B5C1836FF3F002361BF /* SnapchatClient.h */ = {isa = PBXFileReference; fileEncoding = 4; lastKnownFileType = sourcecode.c.h; path = SnapchatClient.h; sourceTree = "<group>"; };
		4C280B5D1836FF3F002361BF /* SnapchatClient.m */ = {isa = PBXFileReference; fileEncoding = 4; lastKnownFileType = sourcecode.c.objc; path = SnapchatClient.m; sourceTree = "<group>"; };
		4C280B5F18370611002361BF /* Snap.h */ = {isa = PBXFileReference; fileEncoding = 4; lastKnownFileType = sourcecode.c.h; path = Snap.h; sourceTree = "<group>"; };
		4C280B6018370611002361BF /* Snap.m */ = {isa = PBXFileReference; fileEncoding = 4; lastKnownFileType = sourcecode.c.objc; path = Snap.m; sourceTree = "<group>"; };
		4C280B6218372A34002361BF /* FriendsPickerViewController.h */ = {isa = PBXFileReference; fileEncoding = 4; lastKnownFileType = sourcecode.c.h; path = FriendsPickerViewController.h; sourceTree = "<group>"; };
		4C280B6318372A34002361BF /* FriendsPickerViewController.m */ = {isa = PBXFileReference; fileEncoding = 4; lastKnownFileType = sourcecode.c.objc; path = FriendsPickerViewController.m; sourceTree = "<group>"; };
		6F9A494018376C5200A7B08A /* libcommonCrypto.dylib */ = {isa = PBXFileReference; lastKnownFileType = "compiled.mach-o.dylib"; name = libcommonCrypto.dylib; path = usr/lib/system/libcommonCrypto.dylib; sourceTree = SDKROOT; };
		6F9A494218376C8B00A7B08A /* AFHTTPRequestOperation.h */ = {isa = PBXFileReference; fileEncoding = 4; lastKnownFileType = sourcecode.c.h; path = AFHTTPRequestOperation.h; sourceTree = "<group>"; };
		6F9A494318376C8B00A7B08A /* AFHTTPRequestOperation.m */ = {isa = PBXFileReference; fileEncoding = 4; lastKnownFileType = sourcecode.c.objc; path = AFHTTPRequestOperation.m; sourceTree = "<group>"; };
		6F9A494418376C8B00A7B08A /* AFHTTPRequestOperationManager.h */ = {isa = PBXFileReference; fileEncoding = 4; lastKnownFileType = sourcecode.c.h; path = AFHTTPRequestOperationManager.h; sourceTree = "<group>"; };
		6F9A494518376C8B00A7B08A /* AFHTTPRequestOperationManager.m */ = {isa = PBXFileReference; fileEncoding = 4; lastKnownFileType = sourcecode.c.objc; path = AFHTTPRequestOperationManager.m; sourceTree = "<group>"; };
		6F9A494618376C8B00A7B08A /* AFHTTPSessionManager.h */ = {isa = PBXFileReference; fileEncoding = 4; lastKnownFileType = sourcecode.c.h; path = AFHTTPSessionManager.h; sourceTree = "<group>"; };
		6F9A494718376C8B00A7B08A /* AFHTTPSessionManager.m */ = {isa = PBXFileReference; fileEncoding = 4; lastKnownFileType = sourcecode.c.objc; path = AFHTTPSessionManager.m; sourceTree = "<group>"; };
		6F9A494818376C8B00A7B08A /* AFNetworking.h */ = {isa = PBXFileReference; fileEncoding = 4; lastKnownFileType = sourcecode.c.h; path = AFNetworking.h; sourceTree = "<group>"; };
		6F9A494918376C8B00A7B08A /* AFNetworkReachabilityManager.h */ = {isa = PBXFileReference; fileEncoding = 4; lastKnownFileType = sourcecode.c.h; path = AFNetworkReachabilityManager.h; sourceTree = "<group>"; };
		6F9A494A18376C8B00A7B08A /* AFNetworkReachabilityManager.m */ = {isa = PBXFileReference; fileEncoding = 4; lastKnownFileType = sourcecode.c.objc; path = AFNetworkReachabilityManager.m; sourceTree = "<group>"; };
		6F9A494B18376C8B00A7B08A /* AFSecurityPolicy.h */ = {isa = PBXFileReference; fileEncoding = 4; lastKnownFileType = sourcecode.c.h; path = AFSecurityPolicy.h; sourceTree = "<group>"; };
		6F9A494C18376C8B00A7B08A /* AFSecurityPolicy.m */ = {isa = PBXFileReference; fileEncoding = 4; lastKnownFileType = sourcecode.c.objc; path = AFSecurityPolicy.m; sourceTree = "<group>"; };
		6F9A494D18376C8B00A7B08A /* AFURLConnectionOperation.h */ = {isa = PBXFileReference; fileEncoding = 4; lastKnownFileType = sourcecode.c.h; path = AFURLConnectionOperation.h; sourceTree = "<group>"; };
		6F9A494E18376C8B00A7B08A /* AFURLConnectionOperation.m */ = {isa = PBXFileReference; fileEncoding = 4; lastKnownFileType = sourcecode.c.objc; path = AFURLConnectionOperation.m; sourceTree = "<group>"; };
		6F9A494F18376C8B00A7B08A /* AFURLRequestSerialization.h */ = {isa = PBXFileReference; fileEncoding = 4; lastKnownFileType = sourcecode.c.h; path = AFURLRequestSerialization.h; sourceTree = "<group>"; };
		6F9A495018376C8B00A7B08A /* AFURLRequestSerialization.m */ = {isa = PBXFileReference; fileEncoding = 4; lastKnownFileType = sourcecode.c.objc; path = AFURLRequestSerialization.m; sourceTree = "<group>"; };
		6F9A495118376C8B00A7B08A /* AFURLResponseSerialization.h */ = {isa = PBXFileReference; fileEncoding = 4; lastKnownFileType = sourcecode.c.h; path = AFURLResponseSerialization.h; sourceTree = "<group>"; };
		6F9A495218376C8B00A7B08A /* AFURLResponseSerialization.m */ = {isa = PBXFileReference; fileEncoding = 4; lastKnownFileType = sourcecode.c.objc; path = AFURLResponseSerialization.m; sourceTree = "<group>"; };
		6F9A495318376C8B00A7B08A /* AFURLSessionManager.h */ = {isa = PBXFileReference; fileEncoding = 4; lastKnownFileType = sourcecode.c.h; path = AFURLSessionManager.h; sourceTree = "<group>"; };
		6F9A495418376C8B00A7B08A /* AFURLSessionManager.m */ = {isa = PBXFileReference; fileEncoding = 4; lastKnownFileType = sourcecode.c.objc; path = AFURLSessionManager.m; sourceTree = "<group>"; };
		6F9A495E18376C9800A7B08A /* CFNetwork.framework */ = {isa = PBXFileReference; lastKnownFileType = wrapper.framework; name = CFNetwork.framework; path = System/Library/Frameworks/CFNetwork.framework; sourceTree = SDKROOT; };
		6F9A496018376CBB00A7B08A /* CoreFoundation.framework */ = {isa = PBXFileReference; lastKnownFileType = wrapper.framework; name = CoreFoundation.framework; path = System/Library/Frameworks/CoreFoundation.framework; sourceTree = SDKROOT; };
		6F9A496218376CC100A7B08A /* Security.framework */ = {isa = PBXFileReference; lastKnownFileType = wrapper.framework; name = Security.framework; path = System/Library/Frameworks/Security.framework; sourceTree = SDKROOT; };
		6F9A496418376CC900A7B08A /* MobileCoreServices.framework */ = {isa = PBXFileReference; lastKnownFileType = wrapper.framework; name = MobileCoreServices.framework; path = System/Library/Frameworks/MobileCoreServices.framework; sourceTree = SDKROOT; };
		6F9A496618376CD400A7B08A /* libicucore.dylib */ = {isa = PBXFileReference; lastKnownFileType = "compiled.mach-o.dylib"; name = libicucore.dylib; path = usr/lib/libicucore.dylib; sourceTree = SDKROOT; };
		4C280B65183771F8002361BF /* QuartzCore.framework */ = {isa = PBXFileReference; lastKnownFileType = wrapper.framework; name = QuartzCore.framework; path = System/Library/Frameworks/QuartzCore.framework; sourceTree = SDKROOT; };
		4C280B671837720F002361BF /* SVProgressHUD.bundle */ = {isa = PBXFileReference; lastKnownFileType = "wrapper.plug-in"; path = SVProgressHUD.bundle; sourceTree = "<group>"; };
		4C280B681837720F002361BF /* SVProgressHUD.h */ = {isa = PBXFileReference; fileEncoding = 4; lastKnownFileType = sourcecode.c.h; path = SVProgressHUD.h; sourceTree = "<group>"; };
		4C280B691837720F002361BF /* SVProgressHUD.m */ = {isa = PBXFileReference; fileEncoding = 4; lastKnownFileType = sourcecode.c.objc; path = SVProgressHUD.m; sourceTree = "<group>"; };
/* End PBXFileReference section */

/* Begin PBXFrameworksBuildPhase section */
		4C280B1E1836FEEF002361BF /* Frameworks */ = {
			isa = PBXFrameworksBuildPhase;
			buildActionMask = 2147483647;
			files = (
				6F9A496718376CD400A7B08A /* libicucore.dylib in Frameworks */,
				6F9A496518376CC900A7B08A /* MobileCoreServices.framework in Frameworks */,
				6F9A496318376CC100A7B08A /* Security.framework in Frameworks */,
				6F9A496118376CBB00A7B08A /* CoreFoundation.framework in Frameworks */,
				6F9A495F18376C9800A7B08A /* CFNetwork.framework in Frameworks */,
				4C280B66183771F8002361BF /* QuartzCore.framework in Frameworks */,
				4C280B271836FEEF002361BF /* CoreGraphics.framework in Frameworks */,
				4C280B291836FEEF002361BF /* UIKit.framework in Frameworks */,
				4C280B251836FEEF002361BF /* Foundation.framework in Frameworks */,
			);
			runOnlyForDeploymentPostprocessing = 0;
		};
		4C280B421836FEEF002361BF /* Frameworks */ = {
			isa = PBXFrameworksBuildPhase;
			buildActionMask = 2147483647;
			files = (
				4C280B471836FEEF002361BF /* XCTest.framework in Frameworks */,
				4C280B491836FEEF002361BF /* UIKit.framework in Frameworks */,
				4C280B481836FEEF002361BF /* Foundation.framework in Frameworks */,
			);
			runOnlyForDeploymentPostprocessing = 0;
		};
/* End PBXFrameworksBuildPhase section */

/* Begin PBXGroup section */
		4C280B181836FEEF002361BF = {
			isa = PBXGroup;
			children = (
				4C280B2A1836FEEF002361BF /* Yefchat */,
				4C280B4C1836FEEF002361BF /* YefchatTests */,
				4C280B231836FEEF002361BF /* Frameworks */,
				4C280B221836FEEF002361BF /* Products */,
			);
			sourceTree = "<group>";
		};
		4C280B221836FEEF002361BF /* Products */ = {
			isa = PBXGroup;
			children = (
				4C280B211836FEEF002361BF /* Yefchat.app */,
				4C280B451836FEEF002361BF /* YefchatTests.xctest */,
			);
			name = Products;
			sourceTree = "<group>";
		};
		4C280B231836FEEF002361BF /* Frameworks */ = {
			isa = PBXGroup;
			children = (
				6F9A496618376CD400A7B08A /* libicucore.dylib */,
				6F9A496418376CC900A7B08A /* MobileCoreServices.framework */,
				6F9A496218376CC100A7B08A /* Security.framework */,
				6F9A496018376CBB00A7B08A /* CoreFoundation.framework */,
				6F9A495E18376C9800A7B08A /* CFNetwork.framework */,
				6F9A494018376C5200A7B08A /* libcommonCrypto.dylib */,
				4C280B65183771F8002361BF /* QuartzCore.framework */,
				4C280B241836FEEF002361BF /* Foundation.framework */,
				4C280B261836FEEF002361BF /* CoreGraphics.framework */,
				4C280B281836FEEF002361BF /* UIKit.framework */,
				4C280B461836FEEF002361BF /* XCTest.framework */,
			);
			name = Frameworks;
			sourceTree = "<group>";
		};
		4C280B2A1836FEEF002361BF /* Yefchat */ = {
			isa = PBXGroup;
			children = (
				4C280B671837720F002361BF /* SVProgressHUD.bundle */,
				4C280B681837720F002361BF /* SVProgressHUD.h */,
				4C280B691837720F002361BF /* SVProgressHUD.m */,
				4C280B331836FEEF002361BF /* AppDelegate.h */,
				4C280B341836FEEF002361BF /* AppDelegate.m */,
				4C280B361836FEEF002361BF /* Main.storyboard */,
				4C280B391836FEEF002361BF /* MasterViewController.h */,
				4C280B3A1836FEEF002361BF /* MasterViewController.m */,
				4C280B6218372A34002361BF /* FriendsPickerViewController.h */,
				4C280B6318372A34002361BF /* FriendsPickerViewController.m */,
				4C280B3C1836FEEF002361BF /* DetailViewController.h */,
				4C280B3D1836FEEF002361BF /* DetailViewController.m */,
				4C280B3F1836FEEF002361BF /* Images.xcassets */,
				4C280B2B1836FEEF002361BF /* Supporting Files */,
				4C280B5C1836FF3F002361BF /* SnapchatClient.h */,
				4C280B5D1836FF3F002361BF /* SnapchatClient.m */,
				4C280B5F18370611002361BF /* Snap.h */,
				4C280B6018370611002361BF /* Snap.m */,
				6F9A494218376C8B00A7B08A /* AFHTTPRequestOperation.h */,
				6F9A494318376C8B00A7B08A /* AFHTTPRequestOperation.m */,
				6F9A494418376C8B00A7B08A /* AFHTTPRequestOperationManager.h */,
				6F9A494518376C8B00A7B08A /* AFHTTPRequestOperationManager.m */,
				6F9A494618376C8B00A7B08A /* AFHTTPSessionManager.h */,
				6F9A494718376C8B00A7B08A /* AFHTTPSessionManager.m */,
				6F9A494818376C8B00A7B08A /* AFNetworking.h */,
				6F9A494918376C8B00A7B08A /* AFNetworkReachabilityManager.h */,
				6F9A494A18376C8B00A7B08A /* AFNetworkReachabilityManager.m */,
				6F9A494B18376C8B00A7B08A /* AFSecurityPolicy.h */,
				6F9A494C18376C8B00A7B08A /* AFSecurityPolicy.m */,
				6F9A494D18376C8B00A7B08A /* AFURLConnectionOperation.h */,
				6F9A494E18376C8B00A7B08A /* AFURLConnectionOperation.m */,
				6F9A494F18376C8B00A7B08A /* AFURLRequestSerialization.h */,
				6F9A495018376C8B00A7B08A /* AFURLRequestSerialization.m */,
				6F9A495118376C8B00A7B08A /* AFURLResponseSerialization.h */,
				6F9A495218376C8B00A7B08A /* AFURLResponseSerialization.m */,
				6F9A495318376C8B00A7B08A /* AFURLSessionManager.h */,
				6F9A495418376C8B00A7B08A /* AFURLSessionManager.m */,
			);
			path = Yefchat;
			sourceTree = "<group>";
		};
		4C280B2B1836FEEF002361BF /* Supporting Files */ = {
			isa = PBXGroup;
			children = (
				4C280B2C1836FEEF002361BF /* Yefchat-Info.plist */,
				4C280B2D1836FEEF002361BF /* InfoPlist.strings */,
				4C280B301836FEEF002361BF /* main.m */,
				4C280B321836FEEF002361BF /* Yefchat-Prefix.pch */,
			);
			name = "Supporting Files";
			sourceTree = "<group>";
		};
		4C280B4C1836FEEF002361BF /* YefchatTests */ = {
			isa = PBXGroup;
			children = (
				4C280B521836FEEF002361BF /* YefchatTests.m */,
				4C280B4D1836FEEF002361BF /* Supporting Files */,
			);
			path = YefchatTests;
			sourceTree = "<group>";
		};
		4C280B4D1836FEEF002361BF /* Supporting Files */ = {
			isa = PBXGroup;
			children = (
				4C280B4E1836FEEF002361BF /* YefchatTests-Info.plist */,
				4C280B4F1836FEEF002361BF /* InfoPlist.strings */,
			);
			name = "Supporting Files";
			sourceTree = "<group>";
		};
/* End PBXGroup section */

/* Begin PBXNativeTarget section */
		4C280B201836FEEF002361BF /* Yefchat */ = {
			isa = PBXNativeTarget;
			buildConfigurationList = 4C280B561836FEEF002361BF /* Build configuration list for PBXNativeTarget "Yefchat" */;
			buildPhases = (
				4C280B1D1836FEEF002361BF /* Sources */,
				4C280B1E1836FEEF002361BF /* Frameworks */,
				4C280B1F1836FEEF002361BF /* Resources */,
			);
			buildRules = (
			);
			dependencies = (
			);
			name = Yefchat;
			productName = Yefchat;
			productReference = 4C280B211836FEEF002361BF /* Yefchat.app */;
			productType = "com.apple.product-type.application";
		};
		4C280B441836FEEF002361BF /* YefchatTests */ = {
			isa = PBXNativeTarget;
			buildConfigurationList = 4C280B591836FEEF002361BF /* Build configuration list for PBXNativeTarget "YefchatTests" */;
			buildPhases = (
				4C280B411836FEEF002361BF /* Sources */,
				4C280B421836FEEF002361BF /* Frameworks */,
				4C280B431836FEEF002361BF /* Resources */,
			);
			buildRules = (
			);
			dependencies = (
				4C280B4B1836FEEF002361BF /* PBXTargetDependency */,
			);
			name = YefchatTests;
			productName = YefchatTests;
			productReference = 4C280B451836FEEF002361BF /* YefchatTests.xctest */;
			productType = "com.apple.product-type.bundle.unit-test";
		};
/* End PBXNativeTarget section */

/* Begin PBXProject section */
		4C280B191836FEEF002361BF /* Project object */ = {
			isa = PBXProject;
			attributes = {
				LastUpgradeCheck = 0500;
				ORGANIZATIONNAME = Watchsend;
				TargetAttributes = {
					4C280B441836FEEF002361BF = {
						TestTargetID = 4C280B201836FEEF002361BF;
					};
				};
			};
			buildConfigurationList = 4C280B1C1836FEEF002361BF /* Build configuration list for PBXProject "Yefchat" */;
			compatibilityVersion = "Xcode 3.2";
			developmentRegion = English;
			hasScannedForEncodings = 0;
			knownRegions = (
				en,
				Base,
			);
			mainGroup = 4C280B181836FEEF002361BF;
			productRefGroup = 4C280B221836FEEF002361BF /* Products */;
			projectDirPath = "";
			projectRoot = "";
			targets = (
				4C280B201836FEEF002361BF /* Yefchat */,
				4C280B441836FEEF002361BF /* YefchatTests */,
			);
		};
/* End PBXProject section */

/* Begin PBXResourcesBuildPhase section */
		4C280B1F1836FEEF002361BF /* Resources */ = {
			isa = PBXResourcesBuildPhase;
			buildActionMask = 2147483647;
			files = (
				4C280B401836FEEF002361BF /* Images.xcassets in Resources */,
				4C280B2F1836FEEF002361BF /* InfoPlist.strings in Resources */,
				4C280B381836FEEF002361BF /* Main.storyboard in Resources */,
				4C280B6A1837720F002361BF /* SVProgressHUD.bundle in Resources */,
			);
			runOnlyForDeploymentPostprocessing = 0;
		};
		4C280B431836FEEF002361BF /* Resources */ = {
			isa = PBXResourcesBuildPhase;
			buildActionMask = 2147483647;
			files = (
				4C280B511836FEEF002361BF /* InfoPlist.strings in Resources */,
			);
			runOnlyForDeploymentPostprocessing = 0;
		};
/* End PBXResourcesBuildPhase section */

/* Begin PBXSourcesBuildPhase section */
		4C280B1D1836FEEF002361BF /* Sources */ = {
			isa = PBXSourcesBuildPhase;
			buildActionMask = 2147483647;
			files = (
				6F9A495A18376C8B00A7B08A /* AFURLConnectionOperation.m in Sources */,
				4C280B5E1836FF3F002361BF /* SnapchatClient.m in Sources */,
				4C280B6B1837720F002361BF /* SVProgressHUD.m in Sources */,
				4C280B351836FEEF002361BF /* AppDelegate.m in Sources */,
				4C280B3B1836FEEF002361BF /* MasterViewController.m in Sources */,
				6F9A495C18376C8B00A7B08A /* AFURLResponseSerialization.m in Sources */,
				4C280B6118370611002361BF /* Snap.m in Sources */,
				6F9A495B18376C8B00A7B08A /* AFURLRequestSerialization.m in Sources */,
				6F9A495918376C8B00A7B08A /* AFSecurityPolicy.m in Sources */,
				6F9A495518376C8B00A7B08A /* AFHTTPRequestOperation.m in Sources */,
				6F9A495D18376C8B00A7B08A /* AFURLSessionManager.m in Sources */,
				4C280B6418372A34002361BF /* FriendsPickerViewController.m in Sources */,
				4C280B311836FEEF002361BF /* main.m in Sources */,
				6F9A495718376C8B00A7B08A /* AFHTTPSessionManager.m in Sources */,
				4C280B3E1836FEEF002361BF /* DetailViewController.m in Sources */,
				6F9A495818376C8B00A7B08A /* AFNetworkReachabilityManager.m in Sources */,
				6F9A495618376C8B00A7B08A /* AFHTTPRequestOperationManager.m in Sources */,
			);
			runOnlyForDeploymentPostprocessing = 0;
		};
		4C280B411836FEEF002361BF /* Sources */ = {
			isa = PBXSourcesBuildPhase;
			buildActionMask = 2147483647;
			files = (
				4C280B531836FEEF002361BF /* YefchatTests.m in Sources */,
			);
			runOnlyForDeploymentPostprocessing = 0;
		};
/* End PBXSourcesBuildPhase section */

/* Begin PBXTargetDependency section */
		4C280B4B1836FEEF002361BF /* PBXTargetDependency */ = {
			isa = PBXTargetDependency;
			target = 4C280B201836FEEF002361BF /* Yefchat */;
			targetProxy = 4C280B4A1836FEEF002361BF /* PBXContainerItemProxy */;
		};
/* End PBXTargetDependency section */

/* Begin PBXVariantGroup section */
		4C280B2D1836FEEF002361BF /* InfoPlist.strings */ = {
			isa = PBXVariantGroup;
			children = (
				4C280B2E1836FEEF002361BF /* en */,
			);
			name = InfoPlist.strings;
			sourceTree = "<group>";
		};
		4C280B361836FEEF002361BF /* Main.storyboard */ = {
			isa = PBXVariantGroup;
			children = (
				4C280B371836FEEF002361BF /* Base */,
			);
			name = Main.storyboard;
			sourceTree = "<group>";
		};
		4C280B4F1836FEEF002361BF /* InfoPlist.strings */ = {
			isa = PBXVariantGroup;
			children = (
				4C280B501836FEEF002361BF /* en */,
			);
			name = InfoPlist.strings;
			sourceTree = "<group>";
		};
/* End PBXVariantGroup section */

/* Begin XCBuildConfiguration section */
		4C280B541836FEEF002361BF /* Debug */ = {
			isa = XCBuildConfiguration;
			buildSettings = {
				ALWAYS_SEARCH_USER_PATHS = NO;
				ARCHS = "$(ARCHS_STANDARD_INCLUDING_64_BIT)";
				CLANG_CXX_LANGUAGE_STANDARD = "gnu++0x";
				CLANG_CXX_LIBRARY = "libc++";
				CLANG_ENABLE_MODULES = YES;
				CLANG_ENABLE_OBJC_ARC = YES;
				CLANG_WARN_BOOL_CONVERSION = YES;
				CLANG_WARN_CONSTANT_CONVERSION = YES;
				CLANG_WARN_DIRECT_OBJC_ISA_USAGE = YES_ERROR;
				CLANG_WARN_EMPTY_BODY = YES;
				CLANG_WARN_ENUM_CONVERSION = YES;
				CLANG_WARN_INT_CONVERSION = YES;
				CLANG_WARN_OBJC_ROOT_CLASS = YES_ERROR;
				CLANG_WARN__DUPLICATE_METHOD_MATCH = YES;
				"CODE_SIGN_IDENTITY[sdk=iphoneos*]" = "iPhone Developer";
				COPY_PHASE_STRIP = NO;
				GCC_C_LANGUAGE_STANDARD = gnu99;
				GCC_DYNAMIC_NO_PIC = NO;
				GCC_OPTIMIZATION_LEVEL = 0;
				GCC_PREPROCESSOR_DEFINITIONS = (
					"DEBUG=1",
					"$(inherited)",
				);
				GCC_SYMBOLS_PRIVATE_EXTERN = NO;
				GCC_WARN_64_TO_32_BIT_CONVERSION = YES;
				GCC_WARN_ABOUT_RETURN_TYPE = YES_ERROR;
				GCC_WARN_UNDECLARED_SELECTOR = YES;
				GCC_WARN_UNINITIALIZED_AUTOS = YES;
				GCC_WARN_UNUSED_FUNCTION = YES;
				GCC_WARN_UNUSED_VARIABLE = YES;
				IPHONEOS_DEPLOYMENT_TARGET = 7.0;
				ONLY_ACTIVE_ARCH = YES;
				SDKROOT = iphoneos;
			};
			name = Debug;
		};
		4C280B551836FEEF002361BF /* Release */ = {
			isa = XCBuildConfiguration;
			buildSettings = {
				ALWAYS_SEARCH_USER_PATHS = NO;
				ARCHS = "$(ARCHS_STANDARD_INCLUDING_64_BIT)";
				CLANG_CXX_LANGUAGE_STANDARD = "gnu++0x";
				CLANG_CXX_LIBRARY = "libc++";
				CLANG_ENABLE_MODULES = YES;
				CLANG_ENABLE_OBJC_ARC = YES;
				CLANG_WARN_BOOL_CONVERSION = YES;
				CLANG_WARN_CONSTANT_CONVERSION = YES;
				CLANG_WARN_DIRECT_OBJC_ISA_USAGE = YES_ERROR;
				CLANG_WARN_EMPTY_BODY = YES;
				CLANG_WARN_ENUM_CONVERSION = YES;
				CLANG_WARN_INT_CONVERSION = YES;
				CLANG_WARN_OBJC_ROOT_CLASS = YES_ERROR;
				CLANG_WARN__DUPLICATE_METHOD_MATCH = YES;
				"CODE_SIGN_IDENTITY[sdk=iphoneos*]" = "iPhone Developer";
				COPY_PHASE_STRIP = YES;
				ENABLE_NS_ASSERTIONS = NO;
				GCC_C_LANGUAGE_STANDARD = gnu99;
				GCC_WARN_64_TO_32_BIT_CONVERSION = YES;
				GCC_WARN_ABOUT_RETURN_TYPE = YES_ERROR;
				GCC_WARN_UNDECLARED_SELECTOR = YES;
				GCC_WARN_UNINITIALIZED_AUTOS = YES;
				GCC_WARN_UNUSED_FUNCTION = YES;
				GCC_WARN_UNUSED_VARIABLE = YES;
				IPHONEOS_DEPLOYMENT_TARGET = 7.0;
				SDKROOT = iphoneos;
				VALIDATE_PRODUCT = YES;
			};
			name = Release;
		};
		4C280B571836FEEF002361BF /* Debug */ = {
			isa = XCBuildConfiguration;
			buildSettings = {
				ASSETCATALOG_COMPILER_APPICON_NAME = AppIcon;
				ASSETCATALOG_COMPILER_LAUNCHIMAGE_NAME = LaunchImage;
				GCC_PRECOMPILE_PREFIX_HEADER = YES;
				GCC_PREFIX_HEADER = "Yefchat/Yefchat-Prefix.pch";
				INFOPLIST_FILE = "Yefchat/Yefchat-Info.plist";
				LIBRARY_SEARCH_PATHS = (
					"$(inherited)",
					"$(SDKROOT)/usr/lib/system",
				);
				PRODUCT_NAME = "$(TARGET_NAME)";
				WRAPPER_EXTENSION = app;
			};
			name = Debug;
		};
		4C280B581836FEEF002361BF /* Release */ = {
			isa = XCBuildConfiguration;
			buildSettings = {
				ASSETCATALOG_COMPILER_APPICON_NAME = AppIcon;
				ASSETCATALOG_COMPILER_LAUNCHIMAGE_NAME = LaunchImage;
				GCC_PRECOMPILE_PREFIX_HEADER = YES;
				GCC_PREFIX_HEADER = "Yefchat/Yefchat-Prefix.pch";
				INFOPLIST_FILE = "Yefchat/Yefchat-Info.plist";
				LIBRARY_SEARCH_PATHS = (
					"$(inherited)",
					"$(SDKROOT)/usr/lib/system",
				);
				PRODUCT_NAME = "$(TARGET_NAME)";
				WRAPPER_EXTENSION = app;
			};
			name = Release;
		};
		4C280B5A1836FEEF002361BF /* Debug */ = {
			isa = XCBuildConfiguration;
			buildSettings = {
				ARCHS = "$(ARCHS_STANDARD_INCLUDING_64_BIT)";
				BUNDLE_LOADER = "$(BUILT_PRODUCTS_DIR)/Yefchat.app/Yefchat";
				FRAMEWORK_SEARCH_PATHS = (
					"$(SDKROOT)/Developer/Library/Frameworks",
					"$(inherited)",
					"$(DEVELOPER_FRAMEWORKS_DIR)",
				);
				GCC_PRECOMPILE_PREFIX_HEADER = YES;
				GCC_PREFIX_HEADER = "Yefchat/Yefchat-Prefix.pch";
				GCC_PREPROCESSOR_DEFINITIONS = (
					"DEBUG=1",
					"$(inherited)",
				);
				INFOPLIST_FILE = "YefchatTests/YefchatTests-Info.plist";
				PRODUCT_NAME = "$(TARGET_NAME)";
				TEST_HOST = "$(BUNDLE_LOADER)";
				WRAPPER_EXTENSION = xctest;
			};
			name = Debug;
		};
		4C280B5B1836FEEF002361BF /* Release */ = {
			isa = XCBuildConfiguration;
			buildSettings = {
				ARCHS = "$(ARCHS_STANDARD_INCLUDING_64_BIT)";
				BUNDLE_LOADER = "$(BUILT_PRODUCTS_DIR)/Yefchat.app/Yefchat";
				FRAMEWORK_SEARCH_PATHS = (
					"$(SDKROOT)/Developer/Library/Frameworks",
					"$(inherited)",
					"$(DEVELOPER_FRAMEWORKS_DIR)",
				);
				GCC_PRECOMPILE_PREFIX_HEADER = YES;
				GCC_PREFIX_HEADER = "Yefchat/Yefchat-Prefix.pch";
				INFOPLIST_FILE = "YefchatTests/YefchatTests-Info.plist";
				PRODUCT_NAME = "$(TARGET_NAME)";
				TEST_HOST = "$(BUNDLE_LOADER)";
				WRAPPER_EXTENSION = xctest;
			};
			name = Release;
		};
/* End XCBuildConfiguration section */

/* Begin XCConfigurationList section */
		4C280B1C1836FEEF002361BF /* Build configuration list for PBXProject "Yefchat" */ = {
			isa = XCConfigurationList;
			buildConfigurations = (
				4C280B541836FEEF002361BF /* Debug */,
				4C280B551836FEEF002361BF /* Release */,
			);
			defaultConfigurationIsVisible = 0;
			defaultConfigurationName = Release;
		};
		4C280B561836FEEF002361BF /* Build configuration list for PBXNativeTarget "Yefchat" */ = {
			isa = XCConfigurationList;
			buildConfigurations = (
				4C280B571836FEEF002361BF /* Debug */,
				4C280B581836FEEF002361BF /* Release */,
			);
			defaultConfigurationIsVisible = 0;
			defaultConfigurationName = Release;
		};
		4C280B591836FEEF002361BF /* Build configuration list for PBXNativeTarget "YefchatTests" */ = {
			isa = XCConfigurationList;
			buildConfigurations = (
				4C280B5A1836FEEF002361BF /* Debug */,
				4C280B5B1836FEEF002361BF /* Release */,
			);
			defaultConfigurationIsVisible = 0;
			defaultConfigurationName = Release;
		};
/* End XCConfigurationList section */
	};
	rootObject = 4C280B191836FEEF002361BF /* Project object */;
}
